
Microsoft Visual Studio Solution File, Format Version 12.00
# Visual Studio 15
VisualStudioVersion = 15.0.26730.16
MinimumVisualStudioVersion = 10.0.40219.1
Project("{9A19103F-16F7-4668-BE54-9A1E7A4F7556}") = "AvaloniaCoreMVVM1", "AvaloniaCoreMVVM1\AvaloniaCoreMVVM1.csproj", "{8127413B-A849-4D45-B04B-4AE59418652C}"
EndProject
Project("{9A19103F-16F7-4668-BE54-9A1E7A4F7556}") = "AvaloniaCoreMVVM2", "AvaloniaCoreMVVM2\AvaloniaCoreMVVM2.csproj", "{66E7D162-1AF8-4E9C-BA7E-021A955F6343}"
EndProject
Global
	GlobalSection(SolutionConfigurationPlatforms) = preSolution
		Debug|Any CPU = Debug|Any CPU
		Release|Any CPU = Release|Any CPU
	EndGlobalSection
	GlobalSection(ProjectConfigurationPlatforms) = postSolution
		{8127413B-A849-4D45-B04B-4AE59418652C}.Debug|Any CPU.ActiveCfg = Debug|Any CPU
		{8127413B-A849-4D45-B04B-4AE59418652C}.Debug|Any CPU.Build.0 = Debug|Any CPU
		{8127413B-A849-4D45-B04B-4AE59418652C}.Release|Any CPU.ActiveCfg = Release|Any CPU
		{8127413B-A849-4D45-B04B-4AE59418652C}.Release|Any CPU.Build.0 = Release|Any CPU
		{66E7D162-1AF8-4E9C-BA7E-021A955F6343}.Debug|Any CPU.ActiveCfg = Debug|Any CPU
		{66E7D162-1AF8-4E9C-BA7E-021A955F6343}.Debug|Any CPU.Build.0 = Debug|Any CPU
		{66E7D162-1AF8-4E9C-BA7E-021A955F6343}.Release|Any CPU.ActiveCfg = Release|Any CPU
		{66E7D162-1AF8-4E9C-BA7E-021A955F6343}.Release|Any CPU.Build.0 = Release|Any CPU
	EndGlobalSection
	GlobalSection(SolutionProperties) = preSolution
		HideSolutionNode = FALSE
	EndGlobalSection
	GlobalSection(ExtensibilityGlobals) = postSolution
		SolutionGuid = {D79B75D5-358B-4225-971E-0AC5EC35E623}
	EndGlobalSection
EndGlobal
